{
    "_readme": [
        "This file locks the dependencies of your project to a known state",
        "Read more about it at http://getcomposer.org/doc/01-basic-usage.md#composer-lock-the-lock-file"
    ],
    "hash": "e9547d97184e34fb82f67b09ddefe856",
    "packages": [
        {
            "name": "andytruong/common",
            "version": "1.0.x-dev",
            "source": {
                "type": "git",
                "url": "https://github.com/andytruong/common.git",
                "reference": "c699c893ec087554df3e0d22d2d190e418c4fc20"
            },
            "dist": {
                "type": "zip",
                "url": "https://api.github.com/repos/andytruong/common/zipball/c699c893ec087554df3e0d22d2d190e418c4fc20",
                "reference": "c699c893ec087554df3e0d22d2d190e418c4fc20",
                "shasum": ""
            },
            "require": {
                "mustangostang/spyc": "0.5.*",
                "php": ">=5.3.8"
            },
            "type": "library",
            "autoload": {
                "files": [
                    "src/fn.php",
                    "src/spyc.php"
                ]
            },
            "notification-url": "https://packagist.org/downloads/",
            "license": [
                "MIT"
            ],
            "authors": [
                {
                    "name": "Andy Truong",
                    "email": "thehongtt@gmail.com",
                    "homepage": "http://v3k.net/",
                    "role": "Lead Developer"
                }
            ],
            "description": "Common tools for PHP",
            "homepage": "https://github.com/andytruong/common",
            "keywords": [
                "api",
                "render"
            ],
            "time": "2014-04-24 02:07:16"
        },
        {
            "name": "mustangostang/spyc",
            "version": "dev-master",
            "source": {
                "type": "git",
                "url": "https://github.com/mustangostang/spyc.git",
                "reference": "b7fd7f7a4ddd70c4d599a023fcda3e2b9a20d4b9"
            },
            "dist": {
                "type": "zip",
                "url": "https://api.github.com/repos/mustangostang/spyc/zipball/b7fd7f7a4ddd70c4d599a023fcda3e2b9a20d4b9",
                "reference": "b7fd7f7a4ddd70c4d599a023fcda3e2b9a20d4b9",
                "shasum": ""
            },
            "require": {
                "php": ">=5.3.1"
            },
            "type": "library",
            "extra": {
                "branch-alias": {
                    "dev-master": "0.5.x-dev"
                }
            },
            "autoload": {
                "files": [
                    "Spyc.php"
                ]
            },
            "notification-url": "https://packagist.org/downloads/",
            "license": [
                "MIT"
            ],
            "authors": [
                {
                    "name": "mustangostang",
                    "email": "vlad.andersen@gmail.com"
                }
            ],
            "description": "A simple YAML loader/dumper class for PHP",
            "homepage": "https://github.com/mustangostang/spyc/",
            "keywords": [
                "spyc",
                "yaml",
                "yml"
            ],
            "time": "2014-03-13 13:08:04"
        },
        {
            "name": "pimple/pimple",
            "version": "dev-master",
            "source": {
                "type": "git",
                "url": "https://github.com/fabpot/Pimple.git",
                "reference": "e8b5fe6f7782d72a70d444798cdeaf1fb611ea8b"
            },
            "dist": {
                "type": "zip",
                "url": "https://api.github.com/repos/fabpot/Pimple/zipball/e8b5fe6f7782d72a70d444798cdeaf1fb611ea8b",
                "reference": "e8b5fe6f7782d72a70d444798cdeaf1fb611ea8b",
                "shasum": ""
            },
            "require": {
                "php": ">=5.3.0"
            },
            "type": "library",
            "extra": {
                "branch-alias": {
                    "dev-master": "2.0.x-dev"
                }
            },
            "autoload": {
                "psr-0": {
                    "Pimple": "lib/"
                }
            },
            "notification-url": "https://packagist.org/downloads/",
            "license": [
                "MIT"
            ],
            "authors": [
                {
                    "name": "Fabien Potencier",
                    "email": "fabien@symfony.com",
                    "homepage": "http://fabien.potencier.org",
                    "role": "Lead Developer"
                }
            ],
            "description": "Pimple is a simple Dependency Injection Container for PHP 5.3",
            "homepage": "http://pimple.sensiolabs.org",
            "keywords": [
                "container",
                "dependency injection"
            ],
            "time": "2014-04-20 07:26:52"
        },
        {
            "name": "twig/twig",
            "version": "dev-master",
            "source": {
                "type": "git",
                "url": "https://github.com/fabpot/Twig.git",
                "reference": "28256f5eda6174c8f9ffd32ec7313da12cb07805"
            },
            "dist": {
                "type": "zip",
                "url": "https://api.github.com/repos/fabpot/Twig/zipball/28256f5eda6174c8f9ffd32ec7313da12cb07805",
                "reference": "28256f5eda6174c8f9ffd32ec7313da12cb07805",
                "shasum": ""
            },
            "require": {
                "php": ">=5.2.4"
            },
            "type": "library",
            "extra": {
                "branch-alias": {
                    "dev-master": "1.15-dev"
                }
            },
            "autoload": {
                "psr-0": {
                    "Twig_": "lib/"
                }
            },
            "notification-url": "https://packagist.org/downloads/",
            "license": [
                "BSD-3-Clause"
            ],
            "authors": [
                {
                    "name": "Fabien Potencier",
                    "email": "fabien@symfony.com",
                    "homepage": "http://fabien.potencier.org",
                    "role": "Lead Developer"
                },
                {
                    "name": "Armin Ronacher",
                    "email": "armin.ronacher@active-4.com",
                    "role": "Project Founder"
                },
                {
                    "name": "Twig Team",
                    "homepage": "https://github.com/fabpot/Twig/graphs/contributors",
                    "role": "Contributors"
                }
            ],
            "description": "Twig, the flexible, fast, and secure template language for PHP",
            "homepage": "http://twig.sensiolabs.org",
            "keywords": [
                "templating"
            ],
            "time": "2014-04-23 20:31:20"
        }
    ],
    "packages-dev": null,
    "aliases": [

    ],
    "minimum-stability": "dev",
    "stability-flags": [

    ],
    "platform": {
        "php": ">=5.3.8"
    },
    "platform-dev": [

    ]
}
